// !$*UTF8*$!
{
	archiveVersion = 1;
	classes = {
	};
	objectVersion = 46;
	objects = {

/* Begin PBXBuildFile section */
		7908E30A1D343A84003987BF /* AppDelegate.swift in Sources */ = {isa = PBXBuildFile; fileRef = 7908E3091D343A84003987BF /* AppDelegate.swift */; };
		7908E30C1D343A84003987BF /* ViewController.swift in Sources */ = {isa = PBXBuildFile; fileRef = 7908E30B1D343A84003987BF /* ViewController.swift */; };
		7908E30F1D343A84003987BF /* Main.storyboard in Resources */ = {isa = PBXBuildFile; fileRef = 7908E30D1D343A84003987BF /* Main.storyboard */; };
		7908E3121D343A84003987BF /* CommonProj2.xcdatamodeld in Sources */ = {isa = PBXBuildFile; fileRef = 7908E3101D343A84003987BF /* CommonProj2.xcdatamodeld */; };
		7908E3141D343A84003987BF /* Assets.xcassets in Resources */ = {isa = PBXBuildFile; fileRef = 7908E3131D343A84003987BF /* Assets.xcassets */; };
		7908E3171D343A84003987BF /* LaunchScreen.storyboard in Resources */ = {isa = PBXBuildFile; fileRef = 7908E3151D343A84003987BF /* LaunchScreen.storyboard */; };
		7908E3221D343A84003987BF /* CommonProj2Tests.swift in Sources */ = {isa = PBXBuildFile; fileRef = 7908E3211D343A84003987BF /* CommonProj2Tests.swift */; };
		7908E32D1D343A84003987BF /* CommonProj2UITests.swift in Sources */ = {isa = PBXBuildFile; fileRef = 7908E32C1D343A84003987BF /* CommonProj2UITests.swift */; };
		7908E3391D343C1F003987BF /* LoopCommon.framework in Frameworks */ = {isa = PBXBuildFile; fileRef = 7908E3381D343C1F003987BF /* LoopCommon.framework */; };
		7908E3B91D354D25003987BF /* LoopCommonUI.framework in Frameworks */ = {isa = PBXBuildFile; fileRef = 7908E3B81D354D25003987BF /* LoopCommonUI.framework */; settings = {ATTRIBUTES = (Required, ); }; };
		795513811D3588FC00EA1E3B /* LoopCommon.framework in Frameworks */ = {isa = PBXBuildFile; fileRef = 795513801D3588FC00EA1E3B /* LoopCommon.framework */; };
		795513821D3588FC00EA1E3B /* LoopCommon.framework in Embed Frameworks */ = {isa = PBXBuildFile; fileRef = 795513801D3588FC00EA1E3B /* LoopCommon.framework */; settings = {ATTRIBUTES = (CodeSignOnCopy, RemoveHeadersOnCopy, ); }; };
		795513841D3588FC00EA1E3B /* LoopCommonUI.framework in Frameworks */ = {isa = PBXBuildFile; fileRef = 795513831D3588FC00EA1E3B /* LoopCommonUI.framework */; };
		795513851D3588FC00EA1E3B /* LoopCommonUI.framework in Embed Frameworks */ = {isa = PBXBuildFile; fileRef = 795513831D3588FC00EA1E3B /* LoopCommonUI.framework */; settings = {ATTRIBUTES = (CodeSignOnCopy, RemoveHeadersOnCopy, ); }; };
		982D44EFB7D4E2EA0E475296 /* Pods_CommonProj2.framework in Frameworks */ = {isa = PBXBuildFile; fileRef = A64A610D718B8E335AD4FBCE /* Pods_CommonProj2.framework */; };
/* End PBXBuildFile section */

/* Begin PBXContainerItemProxy section */
		7908E31E1D343A84003987BF /* PBXContainerItemProxy */ = {
			isa = PBXContainerItemProxy;
			containerPortal = 7908E2FC1D343A41003987BF /* Project object */;
			proxyType = 1;
			remoteGlobalIDString = 7908E3051D343A84003987BF;
			remoteInfo = CommonProj2;
		};
		7908E3291D343A84003987BF /* PBXContainerItemProxy */ = {
			isa = PBXContainerItemProxy;
			containerPortal = 7908E2FC1D343A41003987BF /* Project object */;
			proxyType = 1;
			remoteGlobalIDString = 7908E3051D343A84003987BF;
			remoteInfo = CommonProj2;
		};
/* End PBXContainerItemProxy section */

/* Begin PBXCopyFilesBuildPhase section */
		795513861D3588FD00EA1E3B /* Embed Frameworks */ = {
			isa = PBXCopyFilesBuildPhase;
			buildActionMask = 2147483647;
			dstPath = "";
			dstSubfolderSpec = 10;
			files = (
				795513821D3588FC00EA1E3B /* LoopCommon.framework in Embed Frameworks */,
				795513851D3588FC00EA1E3B /* LoopCommonUI.framework in Embed Frameworks */,
			);
			name = "Embed Frameworks";
			runOnlyForDeploymentPostprocessing = 0;
		};
/* End PBXCopyFilesBuildPhase section */

/* Begin PBXFileReference section */
		5527A1FD0FF7829402D49C4C /* Pods-CommonProj2.debug.xcconfig */ = {isa = PBXFileReference; includeInIndex = 1; lastKnownFileType = text.xcconfig; name = "Pods-CommonProj2.debug.xcconfig"; path = "../Pods/Target Support Files/Pods-CommonProj2/Pods-CommonProj2.debug.xcconfig"; sourceTree = "<group>"; };
		7908E3061D343A84003987BF /* CommonProj2.app */ = {isa = PBXFileReference; explicitFileType = wrapper.application; includeInIndex = 0; path = CommonProj2.app; sourceTree = BUILT_PRODUCTS_DIR; };
		7908E3091D343A84003987BF /* AppDelegate.swift */ = {isa = PBXFileReference; lastKnownFileType = sourcecode.swift; path = AppDelegate.swift; sourceTree = "<group>"; };
		7908E30B1D343A84003987BF /* ViewController.swift */ = {isa = PBXFileReference; lastKnownFileType = sourcecode.swift; path = ViewController.swift; sourceTree = "<group>"; };
		7908E30E1D343A84003987BF /* Base */ = {isa = PBXFileReference; lastKnownFileType = file.storyboard; name = Base; path = Base.lproj/Main.storyboard; sourceTree = "<group>"; };
		7908E3111D343A84003987BF /* CommonProj2.xcdatamodel */ = {isa = PBXFileReference; lastKnownFileType = wrapper.xcdatamodel; path = CommonProj2.xcdatamodel; sourceTree = "<group>"; };
		7908E3131D343A84003987BF /* Assets.xcassets */ = {isa = PBXFileReference; lastKnownFileType = folder.assetcatalog; path = Assets.xcassets; sourceTree = "<group>"; };
		7908E3161D343A84003987BF /* Base */ = {isa = PBXFileReference; lastKnownFileType = file.storyboard; name = Base; path = Base.lproj/LaunchScreen.storyboard; sourceTree = "<group>"; };
		7908E3181D343A84003987BF /* Info.plist */ = {isa = PBXFileReference; lastKnownFileType = text.plist.xml; path = Info.plist; sourceTree = "<group>"; };
		7908E31D1D343A84003987BF /* CommonProj2Tests.xctest */ = {isa = PBXFileReference; explicitFileType = wrapper.cfbundle; includeInIndex = 0; path = CommonProj2Tests.xctest; sourceTree = BUILT_PRODUCTS_DIR; };
		7908E3211D343A84003987BF /* CommonProj2Tests.swift */ = {isa = PBXFileReference; lastKnownFileType = sourcecode.swift; path = CommonProj2Tests.swift; sourceTree = "<group>"; };
		7908E3231D343A84003987BF /* Info.plist */ = {isa = PBXFileReference; lastKnownFileType = text.plist.xml; path = Info.plist; sourceTree = "<group>"; };
		7908E3281D343A84003987BF /* CommonProj2UITests.xctest */ = {isa = PBXFileReference; explicitFileType = wrapper.cfbundle; includeInIndex = 0; path = CommonProj2UITests.xctest; sourceTree = BUILT_PRODUCTS_DIR; };
		7908E32C1D343A84003987BF /* CommonProj2UITests.swift */ = {isa = PBXFileReference; lastKnownFileType = sourcecode.swift; path = CommonProj2UITests.swift; sourceTree = "<group>"; };
		7908E32E1D343A84003987BF /* Info.plist */ = {isa = PBXFileReference; lastKnownFileType = text.plist.xml; path = Info.plist; sourceTree = "<group>"; };
		7908E3381D343C1F003987BF /* LoopCommon.framework */ = {isa = PBXFileReference; lastKnownFileType = wrapper.framework; name = LoopCommon.framework; path = "../../../Library/Developer/Xcode/DerivedData/LoopCommonDemo-cnesigmupvyhhddfhbikfiumxmnx/Build/Products/Debug-iphonesimulator/LoopCommon.framework"; sourceTree = "<group>"; };
		7908E3B81D354D25003987BF /* LoopCommonUI.framework */ = {isa = PBXFileReference; lastKnownFileType = wrapper.framework; name = LoopCommonUI.framework; path = "../build/Debug-iphoneos/LoopCommonUI.framework"; sourceTree = "<group>"; };
		795513801D3588FC00EA1E3B /* LoopCommon.framework */ = {isa = PBXFileReference; explicitFileType = wrapper.framework; name = LoopCommon.framework; path = "/Users/richard/Library/Developer/Xcode/DerivedData/LoopCommonDemo-balomsozukiqppehxhelmcssmlyt/Build/Products/Debug-iphoneos/LoopCommon.framework"; sourceTree = "<absolute>"; };
		795513831D3588FC00EA1E3B /* LoopCommonUI.framework */ = {isa = PBXFileReference; explicitFileType = wrapper.framework; name = LoopCommonUI.framework; path = "/Users/richard/Library/Developer/Xcode/DerivedData/LoopCommonDemo-balomsozukiqppehxhelmcssmlyt/Build/Products/Debug-iphoneos/LoopCommonUI.framework"; sourceTree = "<absolute>"; };
		A64A610D718B8E335AD4FBCE /* Pods_CommonProj2.framework */ = {isa = PBXFileReference; explicitFileType = wrapper.framework; includeInIndex = 0; path = Pods_CommonProj2.framework; sourceTree = BUILT_PRODUCTS_DIR; };
		FDDFBF4AF6BCAE38697E7D6F /* Pods-CommonProj2.release.xcconfig */ = {isa = PBXFileReference; includeInIndex = 1; lastKnownFileType = text.xcconfig; name = "Pods-CommonProj2.release.xcconfig"; path = "../Pods/Target Support Files/Pods-CommonProj2/Pods-CommonProj2.release.xcconfig"; sourceTree = "<group>"; };
/* End PBXFileReference section */

/* Begin PBXFrameworksBuildPhase section */
		7908E3031D343A84003987BF /* Frameworks */ = {
			isa = PBXFrameworksBuildPhase;
			buildActionMask = 2147483647;
			files = (
				795513811D3588FC00EA1E3B /* LoopCommon.framework in Frameworks */,
				7908E3B91D354D25003987BF /* LoopCommonUI.framework in Frameworks */,
				7908E3391D343C1F003987BF /* LoopCommon.framework in Frameworks */,
				795513841D3588FC00EA1E3B /* LoopCommonUI.framework in Frameworks */,
				982D44EFB7D4E2EA0E475296 /* Pods_CommonProj2.framework in Frameworks */,
			);
			runOnlyForDeploymentPostprocessing = 0;
		};
		7908E31A1D343A84003987BF /* Frameworks */ = {
			isa = PBXFrameworksBuildPhase;
			buildActionMask = 2147483647;
			files = (
			);
			runOnlyForDeploymentPostprocessing = 0;
		};
		7908E3251D343A84003987BF /* Frameworks */ = {
			isa = PBXFrameworksBuildPhase;
			buildActionMask = 2147483647;
			files = (
			);
			runOnlyForDeploymentPostprocessing = 0;
		};
/* End PBXFrameworksBuildPhase section */

/* Begin PBXGroup section */
		0AA5086604AA4FF95853ABA2 /* Frameworks */ = {
			isa = PBXGroup;
			children = (
				A64A610D718B8E335AD4FBCE /* Pods_CommonProj2.framework */,
			);
			name = Frameworks;
			sourceTree = "<group>";
		};
		7908E2FB1D343A41003987BF = {
			isa = PBXGroup;
			children = (
				795513831D3588FC00EA1E3B /* LoopCommonUI.framework */,
				795513801D3588FC00EA1E3B /* LoopCommon.framework */,
				7908E3B81D354D25003987BF /* LoopCommonUI.framework */,
				7908E3381D343C1F003987BF /* LoopCommon.framework */,
				7908E3081D343A84003987BF /* CommonProj2 */,
				7908E3201D343A84003987BF /* CommonProj2Tests */,
				7908E32B1D343A84003987BF /* CommonProj2UITests */,
				7908E3071D343A84003987BF /* Products */,
				D391F739A0EAD9C4ED03DCAD /* Pods */,
				0AA5086604AA4FF95853ABA2 /* Frameworks */,
			);
			sourceTree = "<group>";
		};
		7908E3071D343A84003987BF /* Products */ = {
			isa = PBXGroup;
			children = (
				7908E3061D343A84003987BF /* CommonProj2.app */,
				7908E31D1D343A84003987BF /* CommonProj2Tests.xctest */,
				7908E3281D343A84003987BF /* CommonProj2UITests.xctest */,
			);
			name = Products;
			sourceTree = "<group>";
		};
		7908E3081D343A84003987BF /* CommonProj2 */ = {
			isa = PBXGroup;
			children = (
				7908E3091D343A84003987BF /* AppDelegate.swift */,
				7908E30B1D343A84003987BF /* ViewController.swift */,
				7908E30D1D343A84003987BF /* Main.storyboard */,
				7908E3131D343A84003987BF /* Assets.xcassets */,
				7908E3151D343A84003987BF /* LaunchScreen.storyboard */,
				7908E3181D343A84003987BF /* Info.plist */,
				7908E3101D343A84003987BF /* CommonProj2.xcdatamodeld */,
			);
			path = CommonProj2;
			sourceTree = "<group>";
		};
		7908E3201D343A84003987BF /* CommonProj2Tests */ = {
			isa = PBXGroup;
			children = (
				7908E3211D343A84003987BF /* CommonProj2Tests.swift */,
				7908E3231D343A84003987BF /* Info.plist */,
			);
			path = CommonProj2Tests;
			sourceTree = "<group>";
		};
		7908E32B1D343A84003987BF /* CommonProj2UITests */ = {
			isa = PBXGroup;
			children = (
				7908E32C1D343A84003987BF /* CommonProj2UITests.swift */,
				7908E32E1D343A84003987BF /* Info.plist */,
			);
			path = CommonProj2UITests;
			sourceTree = "<group>";
		};
		D391F739A0EAD9C4ED03DCAD /* Pods */ = {
			isa = PBXGroup;
			children = (
				5527A1FD0FF7829402D49C4C /* Pods-CommonProj2.debug.xcconfig */,
				FDDFBF4AF6BCAE38697E7D6F /* Pods-CommonProj2.release.xcconfig */,
			);
			name = Pods;
			sourceTree = "<group>";
		};
/* End PBXGroup section */

/* Begin PBXNativeTarget section */
		7908E3051D343A84003987BF /* CommonProj2 */ = {
			isa = PBXNativeTarget;
			buildConfigurationList = 7908E32F1D343A84003987BF /* Build configuration list for PBXNativeTarget "CommonProj2" */;
			buildPhases = (
				4B5572D2B09BCE23B6CCD36F /* 📦 Check Pods Manifest.lock */,
				7908E3021D343A84003987BF /* Sources */,
				7908E3031D343A84003987BF /* Frameworks */,
				7908E3041D343A84003987BF /* Resources */,
				795513861D3588FD00EA1E3B /* Embed Frameworks */,
				4EEED07802E14484E5E30B7A /* 📦 Embed Pods Frameworks */,
				7DC2FDF42CE7704B73205068 /* 📦 Copy Pods Resources */,
			);
			buildRules = (
			);
			dependencies = (
			);
			name = CommonProj2;
			productName = CommonProj2;
			productReference = 7908E3061D343A84003987BF /* CommonProj2.app */;
			productType = "com.apple.product-type.application";
		};
		7908E31C1D343A84003987BF /* CommonProj2Tests */ = {
			isa = PBXNativeTarget;
			buildConfigurationList = 7908E3321D343A84003987BF /* Build configuration list for PBXNativeTarget "CommonProj2Tests" */;
			buildPhases = (
				7908E3191D343A84003987BF /* Sources */,
				7908E31A1D343A84003987BF /* Frameworks */,
				7908E31B1D343A84003987BF /* Resources */,
			);
			buildRules = (
			);
			dependencies = (
				7908E31F1D343A84003987BF /* PBXTargetDependency */,
			);
			name = CommonProj2Tests;
			productName = CommonProj2Tests;
			productReference = 7908E31D1D343A84003987BF /* CommonProj2Tests.xctest */;
			productType = "com.apple.product-type.bundle.unit-test";
		};
		7908E3271D343A84003987BF /* CommonProj2UITests */ = {
			isa = PBXNativeTarget;
			buildConfigurationList = 7908E3351D343A84003987BF /* Build configuration list for PBXNativeTarget "CommonProj2UITests" */;
			buildPhases = (
				7908E3241D343A84003987BF /* Sources */,
				7908E3251D343A84003987BF /* Frameworks */,
				7908E3261D343A84003987BF /* Resources */,
			);
			buildRules = (
			);
			dependencies = (
				7908E32A1D343A84003987BF /* PBXTargetDependency */,
			);
			name = CommonProj2UITests;
			productName = CommonProj2UITests;
			productReference = 7908E3281D343A84003987BF /* CommonProj2UITests.xctest */;
			productType = "com.apple.product-type.bundle.ui-testing";
		};
/* End PBXNativeTarget section */

/* Begin PBXProject section */
		7908E2FC1D343A41003987BF /* Project object */ = {
			isa = PBXProject;
			attributes = {
				LastSwiftUpdateCheck = 0730;
				LastUpgradeCheck = 0730;
				TargetAttributes = {
					7908E3051D343A84003987BF = {
						CreatedOnToolsVersion = 7.3.1;
					};
					7908E31C1D343A84003987BF = {
						CreatedOnToolsVersion = 7.3.1;
						TestTargetID = 7908E3051D343A84003987BF;
					};
					7908E3271D343A84003987BF = {
						CreatedOnToolsVersion = 7.3.1;
						TestTargetID = 7908E3051D343A84003987BF;
					};
				};
			};
			buildConfigurationList = 7908E2FF1D343A41003987BF /* Build configuration list for PBXProject "CommonProj2" */;
			compatibilityVersion = "Xcode 3.2";
			developmentRegion = English;
			hasScannedForEncodings = 0;
			knownRegions = (
				en,
				Base,
			);
			mainGroup = 7908E2FB1D343A41003987BF;
			productRefGroup = 7908E3071D343A84003987BF /* Products */;
			projectDirPath = "";
			projectRoot = "";
			targets = (
				7908E3051D343A84003987BF /* CommonProj2 */,
				7908E31C1D343A84003987BF /* CommonProj2Tests */,
				7908E3271D343A84003987BF /* CommonProj2UITests */,
			);
		};
/* End PBXProject section */

/* Begin PBXResourcesBuildPhase section */
		7908E3041D343A84003987BF /* Resources */ = {
			isa = PBXResourcesBuildPhase;
			buildActionMask = 2147483647;
			files = (
				7908E3171D343A84003987BF /* LaunchScreen.storyboard in Resources */,
				7908E3141D343A84003987BF /* Assets.xcassets in Resources */,
				7908E30F1D343A84003987BF /* Main.storyboard in Resources */,
			);
			runOnlyForDeploymentPostprocessing = 0;
		};
		7908E31B1D343A84003987BF /* Resources */ = {
			isa = PBXResourcesBuildPhase;
			buildActionMask = 2147483647;
			files = (
			);
			runOnlyForDeploymentPostprocessing = 0;
		};
		7908E3261D343A84003987BF /* Resources */ = {
			isa = PBXResourcesBuildPhase;
			buildActionMask = 2147483647;
			files = (
			);
			runOnlyForDeploymentPostprocessing = 0;
		};
/* End PBXResourcesBuildPhase section */

/* Begin PBXShellScriptBuildPhase section */
		4B5572D2B09BCE23B6CCD36F /* 📦 Check Pods Manifest.lock */ = {
			isa = PBXShellScriptBuildPhase;
			buildActionMask = 2147483647;
			files = (
			);
			inputPaths = (
			);
			name = "📦 Check Pods Manifest.lock";
			outputPaths = (
			);
			runOnlyForDeploymentPostprocessing = 0;
			shellPath = /bin/sh;
			shellScript = "diff \"${PODS_ROOT}/../Podfile.lock\" \"${PODS_ROOT}/Manifest.lock\" > /dev/null\nif [[ $? != 0 ]] ; then\n    cat << EOM\nerror: The sandbox is not in sync with the Podfile.lock. Run 'pod install' or update your CocoaPods installation.\nEOM\n    exit 1\nfi\n";
			showEnvVarsInLog = 0;
		};
		4EEED07802E14484E5E30B7A /* 📦 Embed Pods Frameworks */ = {
			isa = PBXShellScriptBuildPhase;
			buildActionMask = 2147483647;
			files = (
			);
			inputPaths = (
			);
			name = "📦 Embed Pods Frameworks";
			outputPaths = (
			);
			runOnlyForDeploymentPostprocessing = 0;
			shellPath = /bin/sh;
			shellScript = "\"${SRCROOT}/../Pods/Target Support Files/Pods-CommonProj2/Pods-CommonProj2-frameworks.sh\"\n";
			showEnvVarsInLog = 0;
		};
		7DC2FDF42CE7704B73205068 /* 📦 Copy Pods Resources */ = {
			isa = PBXShellScriptBuildPhase;
			buildActionMask = 2147483647;
			files = (
			);
			inputPaths = (
			);
			name = "📦 Copy Pods Resources";
			outputPaths = (
			);
			runOnlyForDeploymentPostprocessing = 0;
			shellPath = /bin/sh;
			shellScript = "\"${SRCROOT}/../Pods/Target Support Files/Pods-CommonProj2/Pods-CommonProj2-resources.sh\"\n";
			showEnvVarsInLog = 0;
		};
/* End PBXShellScriptBuildPhase section */

/* Begin PBXSourcesBuildPhase section */
		7908E3021D343A84003987BF /* Sources */ = {
			isa = PBXSourcesBuildPhase;
			buildActionMask = 2147483647;
			files = (
				7908E3121D343A84003987BF /* CommonProj2.xcdatamodeld in Sources */,
				7908E30C1D343A84003987BF /* ViewController.swift in Sources */,
				7908E30A1D343A84003987BF /* AppDelegate.swift in Sources */,
			);
			runOnlyForDeploymentPostprocessing = 0;
		};
		7908E3191D343A84003987BF /* Sources */ = {
			isa = PBXSourcesBuildPhase;
			buildActionMask = 2147483647;
			files = (
				7908E3221D343A84003987BF /* CommonProj2Tests.swift in Sources */,
			);
			runOnlyForDeploymentPostprocessing = 0;
		};
		7908E3241D343A84003987BF /* Sources */ = {
			isa = PBXSourcesBuildPhase;
			buildActionMask = 2147483647;
			files = (
				7908E32D1D343A84003987BF /* CommonProj2UITests.swift in Sources */,
			);
			runOnlyForDeploymentPostprocessing = 0;
		};
/* End PBXSourcesBuildPhase section */

/* Begin PBXTargetDependency section */
		7908E31F1D343A84003987BF /* PBXTargetDependency */ = {
			isa = PBXTargetDependency;
			target = 7908E3051D343A84003987BF /* CommonProj2 */;
			targetProxy = 7908E31E1D343A84003987BF /* PBXContainerItemProxy */;
		};
		7908E32A1D343A84003987BF /* PBXTargetDependency */ = {
			isa = PBXTargetDependency;
			target = 7908E3051D343A84003987BF /* CommonProj2 */;
			targetProxy = 7908E3291D343A84003987BF /* PBXContainerItemProxy */;
		};
/* End PBXTargetDependency section */

/* Begin PBXVariantGroup section */
		7908E30D1D343A84003987BF /* Main.storyboard */ = {
			isa = PBXVariantGroup;
			children = (
				7908E30E1D343A84003987BF /* Base */,
			);
			name = Main.storyboard;
			sourceTree = "<group>";
		};
		7908E3151D343A84003987BF /* LaunchScreen.storyboard */ = {
			isa = PBXVariantGroup;
			children = (
				7908E3161D343A84003987BF /* Base */,
			);
			name = LaunchScreen.storyboard;
			sourceTree = "<group>";
		};
/* End PBXVariantGroup section */

/* Begin XCBuildConfiguration section */
		7908E3001D343A41003987BF /* Debug */ = {
			isa = XCBuildConfiguration;
			buildSettings = {
			};
			name = Debug;
		};
		7908E3011D343A41003987BF /* Release */ = {
			isa = XCBuildConfiguration;
			buildSettings = {
			};
			name = Release;
		};
		7908E3301D343A84003987BF /* Debug */ = {
			isa = XCBuildConfiguration;
			baseConfigurationReference = 5527A1FD0FF7829402D49C4C /* Pods-CommonProj2.debug.xcconfig */;
			buildSettings = {
				ALWAYS_SEARCH_USER_PATHS = NO;
				ASSETCATALOG_COMPILER_APPICON_NAME = AppIcon;
				CLANG_ANALYZER_NONNULL = YES;
				CLANG_CXX_LANGUAGE_STANDARD = "gnu++0x";
				CLANG_CXX_LIBRARY = "libc++";
				CLANG_ENABLE_MODULES = YES;
				CLANG_ENABLE_OBJC_ARC = YES;
				CLANG_WARN_BOOL_CONVERSION = YES;
				CLANG_WARN_CONSTANT_CONVERSION = YES;
				CLANG_WARN_DIRECT_OBJC_ISA_USAGE = YES_ERROR;
				CLANG_WARN_EMPTY_BODY = YES;
				CLANG_WARN_ENUM_CONVERSION = YES;
				CLANG_WARN_INT_CONVERSION = YES;
				CLANG_WARN_OBJC_ROOT_CLASS = YES_ERROR;
				CLANG_WARN_UNREACHABLE_CODE = YES;
				CLANG_WARN__DUPLICATE_METHOD_MATCH = YES;
				"CODE_SIGN_IDENTITY[sdk=iphoneos*]" = "iPhone Developer";
				COPY_PHASE_STRIP = NO;
				DEBUG_INFORMATION_FORMAT = dwarf;
				ENABLE_STRICT_OBJC_MSGSEND = YES;
				ENABLE_TESTABILITY = YES;
				GCC_C_LANGUAGE_STANDARD = gnu99;
				GCC_DYNAMIC_NO_PIC = NO;
				GCC_NO_COMMON_BLOCKS = YES;
				GCC_OPTIMIZATION_LEVEL = 0;
				GCC_PREPROCESSOR_DEFINITIONS = (
					"DEBUG=1",
					"$(inherited)",
				);
				GCC_WARN_64_TO_32_BIT_CONVERSION = YES;
				GCC_WARN_ABOUT_RETURN_TYPE = YES_ERROR;
				GCC_WARN_UNDECLARED_SELECTOR = YES;
				GCC_WARN_UNINITIALIZED_AUTOS = YES_AGGRESSIVE;
				GCC_WARN_UNUSED_FUNCTION = YES;
				GCC_WARN_UNUSED_VARIABLE = YES;
				INFOPLIST_FILE = CommonProj2/Info.plist;
				IPHONEOS_DEPLOYMENT_TARGET = 9.3;
				LD_RUNPATH_SEARCH_PATHS = "$(inherited) @executable_path/Frameworks";
				MTL_ENABLE_DEBUG_INFO = YES;
				ONLY_ACTIVE_ARCH = YES;
				PRODUCT_BUNDLE_IDENTIFIER = com.autoloop.CommonProj2;
				PRODUCT_NAME = "$(TARGET_NAME)";
				SDKROOT = iphoneos;
				SWIFT_OPTIMIZATION_LEVEL = "-Onone";
			};
			name = Debug;
		};
		7908E3311D343A84003987BF /* Release */ = {
			isa = XCBuildConfiguration;
			baseConfigurationReference = FDDFBF4AF6BCAE38697E7D6F /* Pods-CommonProj2.release.xcconfig */;
			buildSettings = {
				ALWAYS_SEARCH_USER_PATHS = NO;
				ASSETCATALOG_COMPILER_APPICON_NAME = AppIcon;
				CLANG_ANALYZER_NONNULL = YES;
				CLANG_CXX_LANGUAGE_STANDARD = "gnu++0x";
				CLANG_CXX_LIBRARY = "libc++";
				CLANG_ENABLE_MODULES = YES;
				CLANG_ENABLE_OBJC_ARC = YES;
				CLANG_WARN_BOOL_CONVERSION = YES;
				CLANG_WARN_CONSTANT_CONVERSION = YES;
				CLANG_WARN_DIRECT_OBJC_ISA_USAGE = YES_ERROR;
				CLANG_WARN_EMPTY_BODY = YES;
				CLANG_WARN_ENUM_CONVERSION = YES;
				CLANG_WARN_INT_CONVERSION = YES;
				CLANG_WARN_OBJC_ROOT_CLASS = YES_ERROR;
				CLANG_WARN_UNREACHABLE_CODE = YES;
				CLANG_WARN__DUPLICATE_METHOD_MATCH = YES;
				"CODE_SIGN_IDENTITY[sdk=iphoneos*]" = "iPhone Developer";
				COPY_PHASE_STRIP = NO;
				DEBUG_INFORMATION_FORMAT = "dwarf-with-dsym";
				ENABLE_NS_ASSERTIONS = NO;
				ENABLE_STRICT_OBJC_MSGSEND = YES;
				GCC_C_LANGUAGE_STANDARD = gnu99;
				GCC_NO_COMMON_BLOCKS = YES;
				GCC_WARN_64_TO_32_BIT_CONVERSION = YES;
				GCC_WARN_ABOUT_RETURN_TYPE = YES_ERROR;
				GCC_WARN_UNDECLARED_SELECTOR = YES;
				GCC_WARN_UNINITIALIZED_AUTOS = YES_AGGRESSIVE;
				GCC_WARN_UNUSED_FUNCTION = YES;
				GCC_WARN_UNUSED_VARIABLE = YES;
				INFOPLIST_FILE = CommonProj2/Info.plist;
				IPHONEOS_DEPLOYMENT_TARGET = 9.3;
				LD_RUNPATH_SEARCH_PATHS = "$(inherited) @executable_path/Frameworks";
				MTL_ENABLE_DEBUG_INFO = NO;
				PRODUCT_BUNDLE_IDENTIFIER = com.autoloop.CommonProj2;
				PRODUCT_NAME = "$(TARGET_NAME)";
				SDKROOT = iphoneos;
				VALIDATE_PRODUCT = YES;
			};
			name = Release;
		};
		7908E3331D343A84003987BF /* Debug */ = {
			isa = XCBuildConfiguration;
			buildSettings = {
				ALWAYS_SEARCH_USER_PATHS = NO;
				BUNDLE_LOADER = "$(TEST_HOST)";
				CLANG_ANALYZER_NONNULL = YES;
				CLANG_CXX_LANGUAGE_STANDARD = "gnu++0x";
				CLANG_CXX_LIBRARY = "libc++";
				CLANG_ENABLE_MODULES = YES;
				CLANG_ENABLE_OBJC_ARC = YES;
				CLANG_WARN_BOOL_CONVERSION = YES;
				CLANG_WARN_CONSTANT_CONVERSION = YES;
				CLANG_WARN_DIRECT_OBJC_ISA_USAGE = YES_ERROR;
				CLANG_WARN_EMPTY_BODY = YES;
				CLANG_WARN_ENUM_CONVERSION = YES;
				CLANG_WARN_INT_CONVERSION = YES;
				CLANG_WARN_OBJC_ROOT_CLASS = YES_ERROR;
				CLANG_WARN_UNREACHABLE_CODE = YES;
				CLANG_WARN__DUPLICATE_METHOD_MATCH = YES;
				"CODE_SIGN_IDENTITY[sdk=iphoneos*]" = "iPhone Developer";
				COPY_PHASE_STRIP = NO;
				DEBUG_INFORMATION_FORMAT = dwarf;
				ENABLE_STRICT_OBJC_MSGSEND = YES;
				ENABLE_TESTABILITY = YES;
				GCC_C_LANGUAGE_STANDARD = gnu99;
				GCC_DYNAMIC_NO_PIC = NO;
				GCC_NO_COMMON_BLOCKS = YES;
				GCC_OPTIMIZATION_LEVEL = 0;
				GCC_PREPROCESSOR_DEFINITIONS = (
					"DEBUG=1",
					"$(inherited)",
				);
				GCC_WARN_64_TO_32_BIT_CONVERSION = YES;
				GCC_WARN_ABOUT_RETURN_TYPE = YES_ERROR;
				GCC_WARN_UNDECLARED_SELECTOR = YES;
				GCC_WARN_UNINITIALIZED_AUTOS = YES_AGGRESSIVE;
				GCC_WARN_UNUSED_FUNCTION = YES;
				GCC_WARN_UNUSED_VARIABLE = YES;
				INFOPLIST_FILE = CommonProj2Tests/Info.plist;
				IPHONEOS_DEPLOYMENT_TARGET = 9.3;
				LD_RUNPATH_SEARCH_PATHS = "$(inherited) @executable_path/Frameworks @loader_path/Frameworks";
				MTL_ENABLE_DEBUG_INFO = YES;
				ONLY_ACTIVE_ARCH = YES;
				PRODUCT_BUNDLE_IDENTIFIER = com.autoloop.CommonProj2Tests;
				PRODUCT_NAME = "$(TARGET_NAME)";
				SDKROOT = iphoneos;
				TEST_HOST = "$(BUILT_PRODUCTS_DIR)/CommonProj2.app/CommonProj2";
			};
			name = Debug;
		};
		7908E3341D343A84003987BF /* Release */ = {
			isa = XCBuildConfiguration;
			buildSettings = {
				ALWAYS_SEARCH_USER_PATHS = NO;
				BUNDLE_LOADER = "$(TEST_HOST)";
				CLANG_ANALYZER_NONNULL = YES;
				CLANG_CXX_LANGUAGE_STANDARD = "gnu++0x";
				CLANG_CXX_LIBRARY = "libc++";
				CLANG_ENABLE_MODULES = YES;
				CLANG_ENABLE_OBJC_ARC = YES;
				CLANG_WARN_BOOL_CONVERSION = YES;
				CLANG_WARN_CONSTANT_CONVERSION = YES;
				CLANG_WARN_DIRECT_OBJC_ISA_USAGE = YES_ERROR;
				CLANG_WARN_EMPTY_BODY = YES;
				CLANG_WARN_ENUM_CONVERSION = YES;
				CLANG_WARN_INT_CONVERSION = YES;
				CLANG_WARN_OBJC_ROOT_CLASS = YES_ERROR;
				CLANG_WARN_UNREACHABLE_CODE = YES;
				CLANG_WARN__DUPLICATE_METHOD_MATCH = YES;
				"CODE_SIGN_IDENTITY[sdk=iphoneos*]" = "iPhone Developer";
				COPY_PHASE_STRIP = NO;
				DEBUG_INFORMATION_FORMAT = "dwarf-with-dsym";
				ENABLE_NS_ASSERTIONS = NO;
				ENABLE_STRICT_OBJC_MSGSEND = YES;
				GCC_C_LANGUAGE_STANDARD = gnu99;
				GCC_NO_COMMON_BLOCKS = YES;
				GCC_WARN_64_TO_32_BIT_CONVERSION = YES;
				GCC_WARN_ABOUT_RETURN_TYPE = YES_ERROR;
				GCC_WARN_UNDECLARED_SELECTOR = YES;
				GCC_WARN_UNINITIALIZED_AUTOS = YES_AGGRESSIVE;
				GCC_WARN_UNUSED_FUNCTION = YES;
				GCC_WARN_UNUSED_VARIABLE = YES;
				INFOPLIST_FILE = CommonProj2Tests/Info.plist;
				IPHONEOS_DEPLOYMENT_TARGET = 9.3;
				LD_RUNPATH_SEARCH_PATHS = "$(inherited) @executable_path/Frameworks @loader_path/Frameworks";
				MTL_ENABLE_DEBUG_INFO = NO;
				PRODUCT_BUNDLE_IDENTIFIER = com.autoloop.CommonProj2Tests;
				PRODUCT_NAME = "$(TARGET_NAME)";
				SDKROOT = iphoneos;
				TEST_HOST = "$(BUILT_PRODUCTS_DIR)/CommonProj2.app/CommonProj2";
				VALIDATE_PRODUCT = YES;
			};
			name = Release;
		};
		7908E3361D343A84003987BF /* Debug */ = {
			isa = XCBuildConfiguration;
			buildSettings = {
				ALWAYS_SEARCH_USER_PATHS = NO;
				CLANG_ANALYZER_NONNULL = YES;
				CLANG_CXX_LANGUAGE_STANDARD = "gnu++0x";
				CLANG_CXX_LIBRARY = "libc++";
				CLANG_ENABLE_MODULES = YES;
				CLANG_ENABLE_OBJC_ARC = YES;
				CLANG_WARN_BOOL_CONVERSION = YES;
				CLANG_WARN_CONSTANT_CONVERSION = YES;
				CLANG_WARN_DIRECT_OBJC_ISA_USAGE = YES_ERROR;
				CLANG_WARN_EMPTY_BODY = YES;
				CLANG_WARN_ENUM_CONVERSION = YES;
				CLANG_WARN_INT_CONVERSION = YES;
				CLANG_WARN_OBJC_ROOT_CLASS = YES_ERROR;
				CLANG_WARN_UNREACHABLE_CODE = YES;
				CLANG_WARN__DUPLICATE_METHOD_MATCH = YES;
				"CODE_SIGN_IDENTITY[sdk=iphoneos*]" = "iPhone Developer";
				COPY_PHASE_STRIP = NO;
				DEBUG_INFORMATION_FORMAT = dwarf;
				ENABLE_STRICT_OBJC_MSGSEND = YES;
				ENABLE_TESTABILITY = YES;
				GCC_C_LANGUAGE_STANDARD = gnu99;
				GCC_DYNAMIC_NO_PIC = NO;
				GCC_NO_COMMON_BLOCKS = YES;
				GCC_OPTIMIZATION_LEVEL = 0;
				GCC_PREPROCESSOR_DEFINITIONS = (
					"DEBUG=1",
					"$(inherited)",
				);
				GCC_WARN_64_TO_32_BIT_CONVERSION = YES;
				GCC_WARN_ABOUT_RETURN_TYPE = YES_ERROR;
				GCC_WARN_UNDECLARED_SELECTOR = YES;
				GCC_WARN_UNINITIALIZED_AUTOS = YES_AGGRESSIVE;
				GCC_WARN_UNUSED_FUNCTION = YES;
				GCC_WARN_UNUSED_VARIABLE = YES;
				INFOPLIST_FILE = CommonProj2UITests/Info.plist;
				IPHONEOS_DEPLOYMENT_TARGET = 9.3;
				LD_RUNPATH_SEARCH_PATHS = "$(inherited) @executable_path/Frameworks @loader_path/Frameworks";
				MTL_ENABLE_DEBUG_INFO = YES;
				ONLY_ACTIVE_ARCH = YES;
				PRODUCT_BUNDLE_IDENTIFIER = com.autoloop.CommonProj2UITests;
				PRODUCT_NAME = "$(TARGET_NAME)";
				SDKROOT = iphoneos;
				TEST_TARGET_NAME = CommonProj2;
			};
			name = Debug;
		};
		7908E3371D343A84003987BF /* Release */ = {
			isa = XCBuildConfiguration;
			buildSettings = {
				ALWAYS_SEARCH_USER_PATHS = NO;
				CLANG_ANALYZER_NONNULL = YES;
				CLANG_CXX_LANGUAGE_STANDARD = "gnu++0x";
				CLANG_CXX_LIBRARY = "libc++";
				CLANG_ENABLE_MODULES = YES;
				CLANG_ENABLE_OBJC_ARC = YES;
				CLANG_WARN_BOOL_CONVERSION = YES;
				CLANG_WARN_CONSTANT_CONVERSION = YES;
				CLANG_WARN_DIRECT_OBJC_ISA_USAGE = YES_ERROR;
				CLANG_WARN_EMPTY_BODY = YES;
				CLANG_WARN_ENUM_CONVERSION = YES;
				CLANG_WARN_INT_CONVERSION = YES;
				CLANG_WARN_OBJC_ROOT_CLASS = YES_ERROR;
				CLANG_WARN_UNREACHABLE_CODE = YES;
				CLANG_WARN__DUPLICATE_METHOD_MATCH = YES;
				"CODE_SIGN_IDENTITY[sdk=iphoneos*]" = "iPhone Developer";
				COPY_PHASE_STRIP = NO;
				DEBUG_INFORMATION_FORMAT = "dwarf-with-dsym";
				ENABLE_NS_ASSERTIONS = NO;
				ENABLE_STRICT_OBJC_MSGSEND = YES;
				GCC_C_LANGUAGE_STANDARD = gnu99;
				GCC_NO_COMMON_BLOCKS = YES;
				GCC_WARN_64_TO_32_BIT_CONVERSION = YES;
				GCC_WARN_ABOUT_RETURN_TYPE = YES_ERROR;
				GCC_WARN_UNDECLARED_SELECTOR = YES;
				GCC_WARN_UNINITIALIZED_AUTOS = YES_AGGRESSIVE;
				GCC_WARN_UNUSED_FUNCTION = YES;
				GCC_WARN_UNUSED_VARIABLE = YES;
				INFOPLIST_FILE = CommonProj2UITests/Info.plist;
				IPHONEOS_DEPLOYMENT_TARGET = 9.3;
				LD_RUNPATH_SEARCH_PATHS = "$(inherited) @executable_path/Frameworks @loader_path/Frameworks";
				MTL_ENABLE_DEBUG_INFO = NO;
				PRODUCT_BUNDLE_IDENTIFIER = com.autoloop.CommonProj2UITests;
				PRODUCT_NAME = "$(TARGET_NAME)";
				SDKROOT = iphoneos;
				TEST_TARGET_NAME = CommonProj2;
				VALIDATE_PRODUCT = YES;
			};
			name = Release;
		};
/* End XCBuildConfiguration section */

/* Begin XCConfigurationList section */
		7908E2FF1D343A41003987BF /* Build configuration list for PBXProject "CommonProj2" */ = {
			isa = XCConfigurationList;
			buildConfigurations = (
				7908E3001D343A41003987BF /* Debug */,
				7908E3011D343A41003987BF /* Release */,
			);
			defaultConfigurationIsVisible = 0;
			defaultConfigurationName = Release;
		};
		7908E32F1D343A84003987BF /* Build configuration list for PBXNativeTarget "CommonProj2" */ = {
			isa = XCConfigurationList;
			buildConfigurations = (
				7908E3301D343A84003987BF /* Debug */,
				7908E3311D343A84003987BF /* Release */,
			);
			defaultConfigurationIsVisible = 0;
			defaultConfigurationName = Release;
		};
		7908E3321D343A84003987BF /* Build configuration list for PBXNativeTarget "CommonProj2Tests" */ = {
			isa = XCConfigurationList;
			buildConfigurations = (
				7908E3331D343A84003987BF /* Debug */,
				7908E3341D343A84003987BF /* Release */,
			);
			defaultConfigurationIsVisible = 0;
			defaultConfigurationName = Release;
		};
		7908E3351D343A84003987BF /* Build configuration list for PBXNativeTarget "CommonProj2UITests" */ = {
			isa = XCConfigurationList;
			buildConfigurations = (
				7908E3361D343A84003987BF /* Debug */,
				7908E3371D343A84003987BF /* Release */,
			);
			defaultConfigurationIsVisible = 0;
			defaultConfigurationName = Release;
		};
/* End XCConfigurationList section */

/* Begin XCVersionGroup section */
		7908E3101D343A84003987BF /* CommonProj2.xcdatamodeld */ = {
			isa = XCVersionGroup;
			children = (
				7908E3111D343A84003987BF /* CommonProj2.xcdatamodel */,
			);
			currentVersion = 7908E3111D343A84003987BF /* CommonProj2.xcdatamodel */;
			path = CommonProj2.xcdatamodeld;
			sourceTree = "<group>";
			versionGroupType = wrapper.xcdatamodel;
		};
/* End XCVersionGroup section */
	};
	rootObject = 7908E2FC1D343A41003987BF /* Project object */;
}
